PODS:
  - Alamofire (4.9.0)
  - AlamofireImage (3.5.2):
    - Alamofire (~> 4.8)
  - boost-for-react-native (1.63.0)
  - CocoaAsyncSocket (7.6.3)
  - CocoaLibEvent (1.0.0)
  - ComponentKit (0.29):
    - Yoga (~> 1.14)
  - DoubleConversion (1.1.5)
  - Firebase/CoreOnly (6.16.0):
    - FirebaseCore (= 6.6.1)
  - Firebase/Crashlytics (6.16.0):
    - Firebase/CoreOnly
    - FirebaseCrashlytics (~> 4.0.0-beta.2)
  - Firebase/Messaging (6.16.0):
    - Firebase/CoreOnly
    - FirebaseMessaging (~> 4.2.0)
  - FirebaseAnalyticsInterop (1.5.0)
  - FirebaseCore (6.6.1):
    - FirebaseCoreDiagnostics (~> 1.2)
    - FirebaseCoreDiagnosticsInterop (~> 1.2)
    - GoogleUtilities/Environment (~> 6.5)
    - GoogleUtilities/Logger (~> 6.5)
  - FirebaseCoreDiagnostics (1.2.0):
    - FirebaseCoreDiagnosticsInterop (~> 1.2)
    - GoogleDataTransportCCTSupport (~> 1.3)
    - GoogleUtilities/Environment (~> 6.5)
    - GoogleUtilities/Logger (~> 6.5)
    - nanopb (~> 0.3.901)
  - FirebaseCoreDiagnosticsInterop (1.2.0)
  - FirebaseCrashlytics (4.0.0-beta.3):
    - FirebaseAnalyticsInterop (~> 1.2)
    - FirebaseCore (~> 6.6)
    - FirebaseInstanceID (~> 4.3)
    - PromisesObjC (~> 1.2)
  - FirebaseInstallations (1.1.0):
    - FirebaseCore (~> 6.6)
    - GoogleUtilities/UserDefaults (~> 6.5)
    - PromisesObjC (~> 1.2)
  - FirebaseInstanceID (4.3.0):
    - FirebaseCore (~> 6.6)
    - FirebaseInstallations (~> 1.0)
    - GoogleUtilities/Environment (~> 6.5)
    - GoogleUtilities/UserDefaults (~> 6.5)
  - FirebaseMessaging (4.2.0):
    - FirebaseAnalyticsInterop (~> 1.5)
    - FirebaseCore (~> 6.6)
    - FirebaseInstanceID (~> 4.3)
    - GoogleUtilities/AppDelegateSwizzler (~> 6.5)
    - GoogleUtilities/Environment (~> 6.5)
    - GoogleUtilities/Reachability (~> 6.5)
    - GoogleUtilities/UserDefaults (~> 6.5)
    - Protobuf (>= 3.9.2, ~> 3.9)
  - Flipper (0.30.1):
    - Flipper-Folly (~> 2.1)
    - Flipper-RSocket (~> 1.0)
  - Flipper-Folly (2.1.0):
    - boost-for-react-native
    - CocoaLibEvent (~> 1.0)
    - DoubleConversion
    - glog
    - OpenSSL-Universal (= 1.0.2.19)
  - Flipper-PeerTalk (0.0.4)
  - Flipper-RSocket (1.0.0):
    - Flipper-Folly (~> 2.0)
  - FlipperKit (0.30.1):
    - FlipperKit/Core (= 0.30.1)
  - FlipperKit/Core (0.30.1):
    - Flipper (~> 0.30.1)
    - FlipperKit/CppBridge
    - FlipperKit/FBCxxFollyDynamicConvert
    - FlipperKit/FBDefines
    - FlipperKit/FKPortForwarding
  - FlipperKit/CppBridge (0.30.1):
    - Flipper (~> 0.30.1)
  - FlipperKit/FBCxxFollyDynamicConvert (0.30.1):
    - Flipper-Folly (~> 2.1)
  - FlipperKit/FBDefines (0.30.1)
  - FlipperKit/FKPortForwarding (0.30.1):
    - CocoaAsyncSocket (~> 7.6)
    - Flipper-PeerTalk (~> 0.0.4)
  - FlipperKit/FlipperKitHighlightOverlay (0.30.1)
  - FlipperKit/FlipperKitLayoutComponentKitSupport (0.30.1):
    - ComponentKit (~> 0.0)
    - FlipperKit/Core
    - FlipperKit/FlipperKitHighlightOverlay
    - FlipperKit/FlipperKitLayoutPlugin
    - FlipperKit/FlipperKitLayoutTextSearchable
  - FlipperKit/FlipperKitLayoutPlugin (0.30.1):
    - FlipperKit/Core
    - FlipperKit/FlipperKitHighlightOverlay
    - FlipperKit/FlipperKitLayoutTextSearchable
    - YogaKit (~> 1.18)
  - FlipperKit/FlipperKitLayoutTextSearchable (0.30.1)
  - FlipperKit/FlipperKitNetworkPlugin (0.30.1):
    - FlipperKit/Core
  - FlipperKit/FlipperKitUserDefaultsPlugin (0.30.1):
    - FlipperKit/Core
  - FlipperKit/SKIOSNetworkPlugin (0.30.1):
    - FlipperKit/Core
    - FlipperKit/FlipperKitNetworkPlugin
  - glog (0.3.4)
  - GoogleDataTransport (3.3.1)
  - GoogleDataTransportCCTSupport (1.3.1):
    - GoogleDataTransport (~> 3.3)
    - nanopb (~> 0.3.901)
  - GoogleUtilities/AppDelegateSwizzler (6.5.1):
    - GoogleUtilities/Environment
    - GoogleUtilities/Logger
    - GoogleUtilities/Network
  - GoogleUtilities/Environment (6.5.1)
  - GoogleUtilities/Logger (6.5.1):
    - GoogleUtilities/Environment
  - GoogleUtilities/Network (6.5.1):
    - GoogleUtilities/Logger
    - "GoogleUtilities/NSData+zlib"
    - GoogleUtilities/Reachability
  - "GoogleUtilities/NSData+zlib (6.5.1)"
  - GoogleUtilities/Reachability (6.5.1):
    - GoogleUtilities/Logger
  - GoogleUtilities/UserDefaults (6.5.1):
    - GoogleUtilities/Logger
  - KeychainAccess (3.2.0)
  - Moya/Core (13.0.1):
    - Alamofire (~> 4.1)
    - Result (~> 4.1)
  - Moya/RxSwift (13.0.1):
    - Moya/Core
    - RxSwift (~> 4.0)
  - nanopb (0.3.9011):
    - nanopb/decode (= 0.3.9011)
    - nanopb/encode (= 0.3.9011)
  - nanopb/decode (0.3.9011)
  - nanopb/encode (0.3.9011)
  - OpenSSL-Universal (1.0.2.19):
    - OpenSSL-Universal/Static (= 1.0.2.19)
  - OpenSSL-Universal/Static (1.0.2.19)
  - PromisesObjC (1.2.8)
  - Protobuf (3.11.3)
  - Realm (3.19.0):
    - Realm/Headers (= 3.19.0)
  - Realm/Headers (3.19.0)
  - RealmSwift (3.19.0):
    - Realm (= 3.19.0)
  - Result (4.1.0)
  - RxCocoa (4.5.0):
    - RxSwift (>= 4.4.2, ~> 4.4)
  - RxRealm (0.7.6):
    - RealmSwift (~> 3.0)
    - RxSwift (~> 4.0)
  - RxSwift (4.5.0)
  - SkeletonView (1.8.3)
  - SwiftGen (6.1.0)
  - SwiftLint (0.39.1)
  - Yoga (1.14.0)
  - YogaKit (1.18.1):
    - Yoga (~> 1.14)

DEPENDENCIES:
  - AlamofireImage
  - Firebase/Crashlytics
  - Firebase/Messaging
  - FlipperKit
  - FlipperKit/FlipperKitLayoutComponentKitSupport
  - FlipperKit/FlipperKitUserDefaultsPlugin
  - FlipperKit/SKIOSNetworkPlugin
  - KeychainAccess
  - Moya/RxSwift
  - RealmSwift
  - RxCocoa
  - RxRealm
  - RxSwift
  - SkeletonView
  - SwiftGen
  - SwiftLint

SPEC REPOS:
  trunk:
    - Alamofire
    - AlamofireImage
    - boost-for-react-native
    - CocoaAsyncSocket
    - CocoaLibEvent
    - ComponentKit
    - DoubleConversion
    - Firebase
    - FirebaseAnalyticsInterop
    - FirebaseCore
    - FirebaseCoreDiagnostics
    - FirebaseCoreDiagnosticsInterop
    - FirebaseCrashlytics
    - FirebaseInstallations
    - FirebaseInstanceID
    - FirebaseMessaging
    - Flipper
    - Flipper-Folly
    - Flipper-PeerTalk
    - Flipper-RSocket
    - FlipperKit
    - glog
    - GoogleDataTransport
    - GoogleDataTransportCCTSupport
    - GoogleUtilities
    - KeychainAccess
    - Moya
    - nanopb
    - OpenSSL-Universal
    - PromisesObjC
    - Protobuf
    - Realm
    - RealmSwift
    - Result
    - RxCocoa
    - RxRealm
    - RxSwift
    - SkeletonView
    - SwiftGen
    - SwiftLint
    - Yoga
    - YogaKit

SPEC CHECKSUMS:
  Alamofire: afc3e7c6db61476cb45cdd23fed06bad03bbc321
  AlamofireImage: 63cfe3baf1370be6c498149687cf6db3e3b00999
  boost-for-react-native: 39c7adb57c4e60d6c5479dd8623128eb5b3f0f2c
  CocoaAsyncSocket: eafaa68a7e0ec99ead0a7b35015e0bf25d2c8987
  CocoaLibEvent: 2fab71b8bd46dd33ddb959f7928ec5909f838e3f
  ComponentKit: f8ceb6ffdf33e0c229eac8aadac5df2329902d41
  DoubleConversion: e22e0762848812a87afd67ffda3998d9ef29170c
  Firebase: 497158b816d0a86fc31babbd05546fcd7e6083ff
  FirebaseAnalyticsInterop: 3f86269c38ae41f47afeb43ebf32a001f58fcdae
  FirebaseCore: 85064903ed6c28e47fec9c7bd149d94ba1b6b6e7
  FirebaseCoreDiagnostics: 5e78803ab276bc5b50340e3c539c06c3de35c649
  FirebaseCoreDiagnosticsInterop: 296e2c5f5314500a850ad0b83e9e7c10b011a850
  FirebaseCrashlytics: 81ac4950302353dc6b5f8d5cc287397725b54c97
  FirebaseInstallations: 575cd32f2aec0feeb0e44f5d0110a09e5e60b47b
  FirebaseInstanceID: 6668efc1655a4052c083f287a7141f1ead12f9c2
  FirebaseMessaging: 448cf4c727f3c95f4f90816907d67306ba785cfe
  Flipper: d591b88245dc8c8147819aa249f911923c7417fc
  Flipper-Folly: bcae82405dafd18ac9f8d9d4902fd1c2ef2a7e77
  Flipper-PeerTalk: 116d8f857dc6ef55c7a5a75ea3ceaafe878aadc9
  Flipper-RSocket: 1260a31c05c238eabfa9bb8a64e3983049048371
  FlipperKit: 3e13631bca7c5ec0dd54ee1d096f5e5d32a5d784
  glog: 1de0bb937dccdc981596d3b5825ebfb765017ded
  GoogleDataTransport: 0048df6388dab1c254799f2a30365b1dffe20422
  GoogleDataTransportCCTSupport: f880d70972efa2ed1be4e9173a0f4c5f3dc2d176
  GoogleUtilities: 06eb53bb579efe7099152735900dd04bf09e7275
  KeychainAccess: 3b1bf8a77eb4c6ea1ce9404c292e48f948954c6b
  Moya: f4a4b80ff2f8a4ffc208dfb31cd91636622fee6e
  nanopb: 18003b5e52dab79db540fe93fe9579f399bd1ccd
  OpenSSL-Universal: 8b48cc0d10c1b2923617dfe5c178aa9ed2689355
  PromisesObjC: c119f3cd559f50b7ae681fa59dc1acd19173b7e6
  Protobuf: 0e94afe3b47cb11876eb6aee296638711a24bf75
  Realm: 995d585bcf699aaff226715886c849a29dd3d07f
  RealmSwift: 35f284a537989f2187b413e5917091948cb87a3f
  Result: bd966fac789cc6c1563440b348ab2598cc24d5c7
  RxCocoa: cbf70265dc65a981d4ac982e513c10cf23df24a0
  RxRealm: 5379eddd74f8d617ca7681d1f8d144af25b432b0
  RxSwift: f172070dfd1a93d70a9ab97a5a01166206e1c575
  SkeletonView: ce0c2a2e8154c57b32f5b31b65f4cb92ca119861
  SwiftGen: f872ca75cbd17bf7103c17f13dcfa0d9a15667b0
  SwiftLint: 55e96a4a4d537d4a3156859fc1c54bd24851a046
  Yoga: cff67a400f6b74dc38eb0bad4f156673d9aa980c
  YogaKit: f782866e155069a2cca2517aafea43200b01fd5a

PODFILE CHECKSUM: f9243e7d7fee5628c3ba30bf628a9c84fefcdc04

COCOAPODS: 1.8.1
