<?xml version="1.0" encoding="UTF-8"?>
<Scheme
   LastUpgradeVersion = "1140"
   version = "1.8">
   <BuildAction
      parallelizeBuildables = "YES"
      buildImplicitDependencies = "YES">
      <BuildActionEntries>
         <BuildActionEntry
            buildForTesting = "YES"
            buildForRunning = "YES"
            buildForProfiling = "YES"
            buildForArchiving = "YES"
            buildForAnalyzing = "YES">
            <BuildableReference
               BuildableIdentifier = "primary"
               BlueprintIdentifier = "4558D30620FCC8FF005BC325"
               BuildableName = "DevStack.app"
               BlueprintName = "DevStack"
               ReferencedContainer = "container:DevStack.xcodeproj">
            </BuildableReference>
         </BuildActionEntry>
      </BuildActionEntries>
   </BuildAction>
   <TestAction
      buildConfiguration = "Beta Debug"
      selectedDebuggerIdentifier = "Xcode.DebuggerFoundation.Debugger.LLDB"
      selectedLauncherIdentifier = "Xcode.DebuggerFoundation.Launcher.LLDB"
      shouldUseLaunchSchemeArgsEnv = "YES">
      <Testables>
         <TestableReference
            skipped = "NO"
            parallelizable = "YES"
            testExecutionOrdering = "random">
            <BuildableReference
               BuildableIdentifier = "primary"
               BlueprintIdentifier = "4557194824A155ED00FB24CA"
               BuildableName = "DevStackTests.xctest"
               BlueprintName = "DevStackTests"
               ReferencedContainer = "container:DevStack.xcodeproj">
            </BuildableReference>
         </TestableReference>
      </Testables>
   </TestAction>
   <LaunchAction
      buildConfiguration = "Beta Debug"
      selectedDebuggerIdentifier = "Xcode.DebuggerFoundation.Debugger.LLDB"
      selectedLauncherIdentifier = "Xcode.DebuggerFoundation.Launcher.LLDB"
      launchStyle = "0"
      useCustomWorkingDirectory = "NO"
      ignoresPersistentStateOnLaunch = "NO"
      debugDocumentVersioning = "YES"
      debugServiceExtension = "internal"
      allowLocationSimulation = "YES">
      <BuildableProductRunnable
         runnableDebuggingMode = "0">
         <BuildableReference
            BuildableIdentifier = "primary"
            BlueprintIdentifier = "4558D30620FCC8FF005BC325"
            BuildableName = "DevStack.app"
            BlueprintName = "DevStack"
            ReferencedContainer = "container:DevStack.xcodeproj">
         </BuildableReference>
      </BuildableProductRunnable>
   </LaunchAction>
   <ProfileAction
      buildConfiguration = "Beta Release"
      shouldUseLaunchSchemeArgsEnv = "YES"
      savedToolIdentifier = ""
      useCustomWorkingDirectory = "NO"
      debugDocumentVersioning = "YES">
   </ProfileAction>
   <AnalyzeAction
      buildConfiguration = "Beta Debug">
   </AnalyzeAction>
   <ArchiveAction
      buildConfiguration = "Beta Release"
      revealArchiveInOrganizer = "YES">
      <PostActions>
         <ExecutionAction
            ActionType = "Xcode.IDEStandardExecutionActionsCore.ExecutionActionType.ShellScriptAction">
            <ActionContent
               title = "Run Script"
               scriptText = "# Workaround in order to archive the app successfully&#10;# https://github.com/firebase/firebase-ios-sdk/issues/6472&#10;&#10;LOGFILE=&quot;${ARCHIVE_PATH}/static-frameworks.log&quot;&#10;echo &quot;Removing static frameworks from ${WRAPPER_NAME} archive&quot; &gt; $LOGFILE&#10;find &quot;${ARCHIVE_PRODUCTS_PATH}/Applications/${WRAPPER_NAME}&quot; -name &apos;*.framework&apos; -print0 | while IFS= read -r -d &apos;&apos; fm; do&#10;    name=$(basename &quot;${fm}&quot; .framework)&#10;    target=&quot;${fm}/${name}&quot;&#10;    echo &quot;Checking: ${fm}&quot; &gt;&gt; $LOGFILE&#10;    if file &quot;${target}&quot; | grep -q &quot;current ar archive&quot;; then&#10;        rm -rf &quot;${fm}&quot;&#10;        echo &quot;Removed static framework: ${fm}&quot; &gt;&gt; $LOGFILE&#10;    fi&#10;done&#10;">
               <EnvironmentBuildable>
                  <BuildableReference
                     BuildableIdentifier = "primary"
                     BlueprintIdentifier = "4558D30620FCC8FF005BC325"
                     BuildableName = "DevStack.app"
                     BlueprintName = "DevStack"
                     ReferencedContainer = "container:DevStack.xcodeproj">
                  </BuildableReference>
               </EnvironmentBuildable>
            </ActionContent>
         </ExecutionAction>
      </PostActions>
   </ArchiveAction>
   <DevStackAction
      buildConfiguration = "buildConfiguration"
      selectedDebuggerIdentifier = "selectedDebuggerIdentifier"
      selectedLauncherIdentifier = "selectedLauncherIdentifier"
      shouldUseLaunchSchemeArgsEnv = "shouldUseLaunchSchemeArgsEnv">
      <DevStackables>
      </DevStackables>
      <MacroExpansion>
         <BuildableReference
            BuildableIdentifier = "BuildableIdentifier"
            BlueprintIdentifier = "BlueprintIdentifier"
            BuildableName = "BuildableName"
            BlueprintName = "BlueprintName"
            ReferencedContainer = "ReferencedContainer">
         </BuildableReference>
      </MacroExpansion>
      <AdditionalOptions>
      </AdditionalOptions>
   </DevStackAction>
</Scheme>
